
Microsoft Visual Studio Solution File, Format Version 12.00
# Visual Studio 15
VisualStudioVersion = 15.0.27703.2026
MinimumVisualStudioVersion = 10.0.40219.1
Project("{8BC9CEB8-8B4A-11D0-8D11-00A0C91BC942}") = "doudizhu", "doudizhu.vcxproj", "{AA6AD29E-4E5C-4B0D-8BAF-10B4D9A12CBF}"
EndProject
Global
	GlobalSection(SolutionConfigurationPlatforms) = preSolution
		Debug|x64 = Debug|x64
		Debug|x86 = Debug|x86
		Release|x64 = Release|x64
		Release|x86 = Release|x86
	EndGlobalSection
	GlobalSection(ProjectConfigurationPlatforms) = postSolution
		{AA6AD29E-4E5C-4B0D-8BAF-10B4D9A12CBF}.Debug|x64.ActiveCfg = Debug|x64
		{AA6AD29E-4E5C-4B0D-8BAF-10B4D9A12CBF}.Debug|x64.Build.0 = Debug|x64
		{AA6AD29E-4E5C-4B0D-8BAF-10B4D9A12CBF}.Debug|x86.ActiveCfg = Debug|Win32
		{AA6AD29E-4E5C-4B0D-8BAF-10B4D9A12CBF}.Debug|x86.Build.0 = Debug|Win32
		{AA6AD29E-4E5C-4B0D-8BAF-10B4D9A12CBF}.Release|x64.ActiveCfg = Release|x64
		{AA6AD29E-4E5C-4B0D-8BAF-10B4D9A12CBF}.Release|x64.Build.0 = Release|x64
		{AA6AD29E-4E5C-4B0D-8BAF-10B4D9A12CBF}.Release|x86.ActiveCfg = Release|Win32
		{AA6AD29E-4E5C-4B0D-8BAF-10B4D9A12CBF}.Release|x86.Build.0 = Release|Win32
	EndGlobalSection
	GlobalSection(SolutionProperties) = preSolution
		HideSolutionNode = FALSE
	EndGlobalSection
	GlobalSection(ExtensibilityGlobals) = postSolution
		SolutionGuid = {D011C0A9-7C07-4AE1-9362-073243FB888A}
	EndGlobalSection
EndGlobal
